// !$*UTF8*$!
{
	archiveVersion = 1;
	classes = {
	};
	objectVersion = 46;
	objects = {

/* Begin PBXBuildFile section */
		3CAA071E1A0B50B600E2D8B1 /* AppDelegate.m in Sources */ = {isa = PBXBuildFile; fileRef = 3CAA071D1A0B50B600E2D8B1 /* AppDelegate.m */; };
		3CAA07201A0B50B600E2D8B1 /* main.m in Sources */ = {isa = PBXBuildFile; fileRef = 3CAA071F1A0B50B600E2D8B1 /* main.m */; };
		3CAA07221A0B50B600E2D8B1 /* Images.xcassets in Resources */ = {isa = PBXBuildFile; fileRef = 3CAA07211A0B50B600E2D8B1 /* Images.xcassets */; };
		3CAA07251A0B50B600E2D8B1 /* MainMenu.xib in Resources */ = {isa = PBXBuildFile; fileRef = 3CAA07231A0B50B600E2D8B1 /* MainMenu.xib */; };
/* End PBXBuildFile section */

/* Begin PBXFileReference section */
		3CAA07171A0B50B600E2D8B1 /* ColorPaletteGenerator.app */ = {isa = PBXFileReference; explicitFileType = wrapper.application; includeInIndex = 0; path = ColorPaletteGenerator.app; sourceTree = BUILT_PRODUCTS_DIR; };
		3CAA071B1A0B50B600E2D8B1 /* Info.plist */ = {isa = PBXFileReference; lastKnownFileType = text.plist.xml; path = Info.plist; sourceTree = "<group>"; };
		3CAA071C1A0B50B600E2D8B1 /* AppDelegate.h */ = {isa = PBXFileReference; lastKnownFileType = sourcecode.c.h; path = AppDelegate.h; sourceTree = "<group>"; };
		3CAA071D1A0B50B600E2D8B1 /* AppDelegate.m */ = {isa = PBXFileReference; lastKnownFileType = sourcecode.c.objc; path = AppDelegate.m; sourceTree = "<group>"; };
		3CAA071F1A0B50B600E2D8B1 /* main.m */ = {isa = PBXFileReference; lastKnownFileType = sourcecode.c.objc; path = main.m; sourceTree = "<group>"; };
		3CAA07211A0B50B600E2D8B1 /* Images.xcassets */ = {isa = PBXFileReference; lastKnownFileType = folder.assetcatalog; path = Images.xcassets; sourceTree = "<group>"; };
		3CAA07241A0B50B600E2D8B1 /* Base */ = {isa = PBXFileReference; lastKnownFileType = file.xib; name = Base; path = Base.lproj/MainMenu.xib; sourceTree = "<group>"; };
/* End PBXFileReference section */

/* Begin PBXFrameworksBuildPhase section */
		3CAA07141A0B50B600E2D8B1 /* Frameworks */ = {
			isa = PBXFrameworksBuildPhase;
			buildActionMask = 2147483647;
			files = (
			);
			runOnlyForDeploymentPostprocessing = 0;
		};
/* End PBXFrameworksBuildPhase section */

/* Begin PBXGroup section */
		3CAA070E1A0B50B600E2D8B1 = {
			isa = PBXGroup;
			children = (
				3CAA07191A0B50B600E2D8B1 /* ColorPaletteGenerator */,
				3CAA07181A0B50B600E2D8B1 /* Products */,
			);
			sourceTree = "<group>";
		};
		3CAA07181A0B50B600E2D8B1 /* Products */ = {
			isa = PBXGroup;
			children = (
				3CAA07171A0B50B600E2D8B1 /* ColorPaletteGenerator.app */,
			);
			name = Products;
			sourceTree = "<group>";
		};
		3CAA07191A0B50B600E2D8B1 /* ColorPaletteGenerator */ = {
			isa = PBXGroup;
			children = (
				3CAA071C1A0B50B600E2D8B1 /* AppDelegate.h */,
				3CAA071D1A0B50B600E2D8B1 /* AppDelegate.m */,
				3CAA07211A0B50B600E2D8B1 /* Images.xcassets */,
				3CAA07231A0B50B600E2D8B1 /* MainMenu.xib */,
				3CAA071A1A0B50B600E2D8B1 /* Supporting Files */,
			);
			path = ColorPaletteGenerator;
			sourceTree = "<group>";
		};
		3CAA071A1A0B50B600E2D8B1 /* Supporting Files */ = {
			isa = PBXGroup;
			children = (
				3CAA071B1A0B50B600E2D8B1 /* Info.plist */,
				3CAA071F1A0B50B600E2D8B1 /* main.m */,
			);
			name = "Supporting Files";
			sourceTree = "<group>";
		};
/* End PBXGroup section */

/* Begin PBXNativeTarget section */
		3CAA07161A0B50B600E2D8B1 /* ColorPaletteGenerator */ = {
			isa = PBXNativeTarget;
			buildConfigurationList = 3CAA07341A0B50B600E2D8B1 /* Build configuration list for PBXNativeTarget "ColorPaletteGenerator" */;
			buildPhases = (
				3CAA07131A0B50B600E2D8B1 /* Sources */,
				3CAA07141A0B50B600E2D8B1 /* Frameworks */,
				3CAA07151A0B50B600E2D8B1 /* Resources */,
			);
			buildRules = (
			);
			dependencies = (
			);
			name = ColorPaletteGenerator;
			productName = ColorPaletteGenerator;
			productReference = 3CAA07171A0B50B600E2D8B1 /* ColorPaletteGenerator.app */;
			productType = "com.apple.product-type.application";
		};
/* End PBXNativeTarget section */

/* Begin PBXProject section */
		3CAA070F1A0B50B600E2D8B1 /* Project object */ = {
			isa = PBXProject;
			attributes = {
				LastUpgradeCheck = 0610;
				ORGANIZATIONNAME = bdalziel;
				TargetAttributes = {
					3CAA07161A0B50B600E2D8B1 = {
						CreatedOnToolsVersion = 6.1;
					};
				};
			};
			buildConfigurationList = 3CAA07121A0B50B600E2D8B1 /* Build configuration list for PBXProject "ColorPaletteGenerator" */;
			compatibilityVersion = "Xcode 3.2";
			developmentRegion = English;
			hasScannedForEncodings = 0;
			knownRegions = (
				en,
				Base,
			);
			mainGroup = 3CAA070E1A0B50B600E2D8B1;
			productRefGroup = 3CAA07181A0B50B600E2D8B1 /* Products */;
			projectDirPath = "";
			projectRoot = "";
			targets = (
				3CAA07161A0B50B600E2D8B1 /* ColorPaletteGenerator */,
			);
		};
/* End PBXProject section */

/* Begin PBXResourcesBuildPhase section */
		3CAA07151A0B50B600E2D8B1 /* Resources */ = {
			isa = PBXResourcesBuildPhase;
			buildActionMask = 2147483647;
			files = (
				3CAA07221A0B50B600E2D8B1 /* Images.xcassets in Resources */,
				3CAA07251A0B50B600E2D8B1 /* MainMenu.xib in Resources */,
			);
			runOnlyForDeploymentPostprocessing = 0;
		};
/* End PBXResourcesBuildPhase section */

/* Begin PBXSourcesBuildPhase section */
		3CAA07131A0B50B600E2D8B1 /* Sources */ = {
			isa = PBXSourcesBuildPhase;
			buildActionMask = 2147483647;
			files = (
				3CAA07201A0B50B600E2D8B1 /* main.m in Sources */,
				3CAA071E1A0B50B600E2D8B1 /* AppDelegate.m in Sources */,
			);
			runOnlyForDeploymentPostprocessing = 0;
		};
/* End PBXSourcesBuildPhase section */

/* Begin PBXVariantGroup section */
		3CAA07231A0B50B600E2D8B1 /* MainMenu.xib */ = {
			isa = PBXVariantGroup;
			children = (
				3CAA07241A0B50B600E2D8B1 /* Base */,
			);
			name = MainMenu.xib;
			sourceTree = "<group>";
		};
/* End PBXVariantGroup section */

/* Begin XCBuildConfiguration section */
		3CAA07321A0B50B600E2D8B1 /* Debug */ = {
			isa = XCBuildConfiguration;
			buildSettings = {
				ALWAYS_SEARCH_USER_PATHS = NO;
				CLANG_CXX_LANGUAGE_STANDARD = "gnu++0x";
				CLANG_CXX_LIBRARY = "libc++";
				CLANG_ENABLE_MODULES = YES;
				CLANG_ENABLE_OBJC_ARC = YES;
				CLANG_WARN_BOOL_CONVERSION = YES;
				CLANG_WARN_CONSTANT_CONVERSION = YES;
				CLANG_WARN_DIRECT_OBJC_ISA_USAGE = YES_ERROR;
				CLANG_WARN_EMPTY_BODY = YES;
				CLANG_WARN_ENUM_CONVERSION = YES;
				CLANG_WARN_INT_CONVERSION = YES;
				CLANG_WARN_OBJC_ROOT_CLASS = YES_ERROR;
				CLANG_WARN_UNREACHABLE_CODE = YES;
				CLANG_WARN__DUPLICATE_METHOD_MATCH = YES;
				CODE_SIGN_IDENTITY = "-";
				COPY_PHASE_STRIP = NO;
				ENABLE_STRICT_OBJC_MSGSEND = YES;
				GCC_C_LANGUAGE_STANDARD = gnu99;
				GCC_DYNAMIC_NO_PIC = NO;
				GCC_OPTIMIZATION_LEVEL = 0;
				GCC_PREPROCESSOR_DEFINITIONS = (
					"DEBUG=1",
					"$(inherited)",
				);
				GCC_SYMBOLS_PRIVATE_EXTERN = NO;
				GCC_WARN_64_TO_32_BIT_CONVERSION = YES;
				GCC_WARN_ABOUT_RETURN_TYPE = YES_ERROR;
				GCC_WARN_UNDECLARED_SELECTOR = YES;
				GCC_WARN_UNINITIALIZED_AUTOS = YES_AGGRESSIVE;
				GCC_WARN_UNUSED_FUNCTION = YES;
				GCC_WARN_UNUSED_VARIABLE = YES;
				MACOSX_DEPLOYMENT_TARGET = 10.10;
				MTL_ENABLE_DEBUG_INFO = YES;
				ONLY_ACTIVE_ARCH = YES;
				SDKROOT = macosx;
			};
			name = Debug;
		};
		3CAA07331A0B50B600E2D8B1 /* Release */ = {
			isa = XCBuildConfiguration;
			buildSettings = {
				ALWAYS_SEARCH_USER_PATHS = NO;
				CLANG_CXX_LANGUAGE_STANDARD = "gnu++0x";
				CLANG_CXX_LIBRARY = "libc++";
				CLANG_ENABLE_MODULES = YES;
				CLANG_ENABLE_OBJC_ARC = YES;
				CLANG_WARN_BOOL_CONVERSION = YES;
				CLANG_WARN_CONSTANT_CONVERSION = YES;
				CLANG_WARN_DIRECT_OBJC_ISA_USAGE = YES_ERROR;
				CLANG_WARN_EMPTY_BODY = YES;
				CLANG_WARN_ENUM_CONVERSION = YES;
				CLANG_WARN_INT_CONVERSION = YES;
				CLANG_WARN_OBJC_ROOT_CLASS = YES_ERROR;
				CLANG_WARN_UNREACHABLE_CODE = YES;
				CLANG_WARN__DUPLICATE_METHOD_MATCH = YES;
				CODE_SIGN_IDENTITY = "-";
				COPY_PHASE_STRIP = YES;
				DEBUG_INFORMATION_FORMAT = "dwarf-with-dsym";
				ENABLE_NS_ASSERTIONS = NO;
				ENABLE_STRICT_OBJC_MSGSEND = YES;
				GCC_C_LANGUAGE_STANDARD = gnu99;
				GCC_WARN_64_TO_32_BIT_CONVERSION = YES;
				GCC_WARN_ABOUT_RETURN_TYPE = YES_ERROR;
				GCC_WARN_UNDECLARED_SELECTOR = YES;
				GCC_WARN_UNINITIALIZED_AUTOS = YES_AGGRESSIVE;
				GCC_WARN_UNUSED_FUNCTION = YES;
				GCC_WARN_UNUSED_VARIABLE = YES;
				MACOSX_DEPLOYMENT_TARGET = 10.10;
				MTL_ENABLE_DEBUG_INFO = NO;
				SDKROOT = macosx;
			};
			name = Release;
		};
		3CAA07351A0B50B600E2D8B1 /* Debug */ = {
			isa = XCBuildConfiguration;
			buildSettings = {
				ASSETCATALOG_COMPILER_APPICON_NAME = AppIcon;
				COMBINE_HIDPI_IMAGES = YES;
				INFOPLIST_FILE = ColorPaletteGenerator/Info.plist;
				LD_RUNPATH_SEARCH_PATHS = "$(inherited) @executable_path/../Frameworks";
				PRODUCT_NAME = "$(TARGET_NAME)";
			};
			name = Debug;
		};
		3CAA07361A0B50B600E2D8B1 /* Release */ = {
			isa = XCBuildConfiguration;
			buildSettings = {
				ASSETCATALOG_COMPILER_APPICON_NAME = AppIcon;
				COMBINE_HIDPI_IMAGES = YES;
				INFOPLIST_FILE = ColorPaletteGenerator/Info.plist;
				LD_RUNPATH_SEARCH_PATHS = "$(inherited) @executable_path/../Frameworks";
				PRODUCT_NAME = "$(TARGET_NAME)";
			};
			name = Release;
		};
/* End XCBuildConfiguration section */

/* Begin XCConfigurationList section */
		3CAA07121A0B50B600E2D8B1 /* Build configuration list for PBXProject "ColorPaletteGenerator" */ = {
			isa = XCConfigurationList;
			buildConfigurations = (
				3CAA07321A0B50B600E2D8B1 /* Debug */,
				3CAA07331A0B50B600E2D8B1 /* Release */,
			);
			defaultConfigurationIsVisible = 0;
			defaultConfigurationName = Release;
		};
		3CAA07341A0B50B600E2D8B1 /* Build configuration list for PBXNativeTarget "ColorPaletteGenerator" */ = {
			isa = XCConfigurationList;
			buildConfigurations = (
				3CAA07351A0B50B600E2D8B1 /* Debug */,
				3CAA07361A0B50B600E2D8B1 /* Release */,
			);
			defaultConfigurationIsVisible = 0;
		};
/* End XCConfigurationList section */
	};
	rootObject = 3CAA070F1A0B50B600E2D8B1 /* Project object */;
}
